
Microsoft Visual Studio Solution File, Format Version 12.00
# Visual Studio Version 16
VisualStudioVersion = 16.0.30002.166
MinimumVisualStudioVersion = 10.0.40219.1
Project("{FAE04EC0-301F-11D3-BF4B-00C04F79EFBC}") = "MyPlayer", "MyPlayer\MyPlayer.csproj", "{A57DDC80-5EA1-4623-8EF5-DD6439B871F5}"
EndProject
Global
	GlobalSection(SolutionConfigurationPlatforms) = preSolution
		Debug|Any CPU = Debug|Any CPU
		Release|Any CPU = Release|Any CPU
	EndGlobalSection
	GlobalSection(ProjectConfigurationPlatforms) = postSolution
		{A57DDC80-5EA1-4623-8EF5-DD6439B871F5}.Debug|Any CPU.ActiveCfg = Debug|Any CPU
		{A57DDC80-5EA1-4623-8EF5-DD6439B871F5}.Debug|Any CPU.Build.0 = Debug|Any CPU
		{A57DDC80-5EA1-4623-8EF5-DD6439B871F5}.Release|Any CPU.ActiveCfg = Release|Any CPU
		{A57DDC80-5EA1-4623-8EF5-DD6439B871F5}.Release|Any CPU.Build.0 = Release|Any CPU
	EndGlobalSection
	GlobalSection(SolutionProperties) = preSolution
		HideSolutionNode = FALSE
	EndGlobalSection
	GlobalSection(ExtensibilityGlobals) = postSolution
		SolutionGuid = {0F8E4941-307A-4198-960D-94B942CF784A}
	EndGlobalSection
EndGlobal
